
Microsoft Visual Studio Solution File, Format Version 12.00
# Visual Studio Version 16
VisualStudioVersion = 16.0.29613.14
MinimumVisualStudioVersion = 10.0.40219.1
Project("{FAE04EC0-301F-11D3-BF4B-00C04F79EFBC}") = "CheckOutApp", "CheckOutApp\CheckOutApp.csproj", "{729EBB85-7F04-42B1-BBC2-E974F69E539C}"
EndProject
Global
	GlobalSection(SolutionConfigurationPlatforms) = preSolution
		Debug|Any CPU = Debug|Any CPU
		Release|Any CPU = Release|Any CPU
	EndGlobalSection
	GlobalSection(ProjectConfigurationPlatforms) = postSolution
		{729EBB85-7F04-42B1-BBC2-E974F69E539C}.Debug|Any CPU.ActiveCfg = Debug|Any CPU
		{729EBB85-7F04-42B1-BBC2-E974F69E539C}.Debug|Any CPU.Build.0 = Debug|Any CPU
		{729EBB85-7F04-42B1-BBC2-E974F69E539C}.Release|Any CPU.ActiveCfg = Release|Any CPU
		{729EBB85-7F04-42B1-BBC2-E974F69E539C}.Release|Any CPU.Build.0 = Release|Any CPU
	EndGlobalSection
	GlobalSection(SolutionProperties) = preSolution
		HideSolutionNode = FALSE
	EndGlobalSection
	GlobalSection(ExtensibilityGlobals) = postSolution
		SolutionGuid = {88FBC2E3-13CE-4347-B380-E0E59A4E666F}
	EndGlobalSection
EndGlobal
